schema: '2.0'
stages:
  preprocess:
    cmd: py -m prepare_data
    deps:
    - path: helmets
      hash: md5
      md5: bccbab73349895029ba0988acf4d687b.dir
      size: 1485177232
      nfiles: 4347
    - path: prepare_data.py
      hash: md5
      md5: 71b20c023863b7e33b05eb54638d0b7a
      size: 4452
    outs:
    - path: images_yolo
      hash: md5
      md5: e51348ca48b98ae70c33ef5c79a4494f.dir
      size: 117852904
      nfiles: 4265
    - path: labels_yolo
      hash: md5
      md5: 047afb00002cfce38ede7770342f0abd.dir
      size: 4265
      nfiles: 4265
  train:
    cmd: py -m train -pt
    deps:
    - path: datasets.py
      hash: md5
      md5: a115d710c5a4c613da1d2d3fe760bff6
      size: 3630
    - path: images
      hash: md5
      md5: ee17872162ad066185a952fd84204ada.dir
      size: 77998402
      nfiles: 4560
    - path: labels
      hash: md5
      md5: f67fd029644deaf586bc0424fdad9b32.dir
      size: 4560
      nfiles: 4560
    - path: model.py
      hash: md5
      md5: 577b190b9b4ad4953cbe5cc6e051fa7d
      size: 772
    - path: train.py
      hash: md5
      md5: c7122d22c7c1dfc2cbd199be9f8d433c
      size: 5451
    - path: utils.py
      hash: md5
      md5: f56725a40a1d32d5aa7554240797cce0
      size: 3273
    outs:
    - path: model_pretrained_True.pth
      hash: md5
      md5: c3dd1e39e8433954949691e006d00fa8
      size: 32443206
  evaluate:
    cmd: py -m inference
    deps:
    - path: datasets.py
      hash: md5
      md5: a115d710c5a4c613da1d2d3fe760bff6
      size: 3630
    - path: images_yolo
      hash: md5
      md5: e51348ca48b98ae70c33ef5c79a4494f.dir
      size: 117852904
      nfiles: 4265
    - path: inference.py
      hash: md5
      md5: 78ffaf0dd18a3a48f7adee7a4c4aa266
      size: 2484
    - path: labels_yolo
      hash: md5
      md5: 047afb00002cfce38ede7770342f0abd.dir
      size: 4265
      nfiles: 4265
    - path: model.py
      hash: md5
      md5: 577b190b9b4ad4953cbe5cc6e051fa7d
      size: 772
    - path: model_pretrained_True.pth
      hash: md5
      md5: c3dd1e39e8433954949691e006d00fa8
      size: 32443206
    - path: utils.py
      hash: md5
      md5: f56725a40a1d32d5aa7554240797cce0
      size: 3273
    outs:
    - path: metrics.json
      hash: md5
      md5: 244411f2953403fd12b7d9fc9215675b
      size: 113
