schema: '2.0'
stages:
  preprocess:
    cmd: py -m prepare_data
    deps:
    - path: helmets
      hash: md5
      md5: bccbab73349895029ba0988acf4d687b.dir
      size: 1485177232
      nfiles: 4347
    - path: prepare_data.py
      hash: md5
      md5: 50adb72a9391a45e953e5a5e8accf595
      size: 4256
    - path: yolov8n-pose.pt
      hash: md5
      md5: fce9c3a495cc42f597c8191798b1445b
      size: 6832633
    outs:
    - path: images_yolo
      hash: md5
      md5: 89d8ceb4a0c19bc1139429c8eef8e591.dir
      size: 89323386
      nfiles: 4093
    - path: labels_yolo
      hash: md5
      md5: 3e584a927c3551e81dcbed4908bc0d4e.dir
      size: 4093
      nfiles: 4093
  train:
    cmd: py -m train -pt
    deps:
    - path: images
      hash: md5
      md5: ee17872162ad066185a952fd84204ada.dir
      size: 77998402
      nfiles: 4560
    - path: labels
      hash: md5
      md5: f67fd029644deaf586bc0424fdad9b32.dir
      size: 4560
      nfiles: 4560
    - path: train.py
      hash: md5
      md5: 9e6ef25fd3376efb3a43f82704a068e7
      size: 5111
    outs:
    - path: model_pretrained_True.pth
      hash: md5
      md5: 35542ada8f9586e32d996f521486b5bc
      size: 32443206
  evaluate:
    cmd: py -m inference
    deps:
    - path: images_yolo
      hash: md5
      md5: 89d8ceb4a0c19bc1139429c8eef8e591.dir
      size: 89323386
      nfiles: 4093
    - path: inference.py
      hash: md5
      md5: 4edc2ad9cc71bb4d7b87108d6e876cc9
      size: 2432
    - path: labels_yolo
      hash: md5
      md5: 3e584a927c3551e81dcbed4908bc0d4e.dir
      size: 4093
      nfiles: 4093
    - path: model_pretrained_True.pth
      hash: md5
      md5: 35542ada8f9586e32d996f521486b5bc
      size: 32443206
    outs:
    - path: metrics.json
      hash: md5
      md5: 68356a87632fa91dd470a234a0a71c4a
      size: 113
